
Microsoft Visual Studio Solution File, Format Version 12.00
# Visual Studio Version 16
VisualStudioVersion = 16.0.29123.88
MinimumVisualStudioVersion = 10.0.40219.1
Project("{9A19103F-16F7-4668-BE54-9A1E7A4F7556}") = "DungeonsAndCodeWizards", "DungeonsAndCodeWizards.csproj", "{EE6A1483-AE07-41E6-B83E-16FCF0548F04}"
EndProject
Global
	GlobalSection(SolutionConfigurationPlatforms) = preSolution
		Debug|Any CPU = Debug|Any CPU
		Release|Any CPU = Release|Any CPU
	EndGlobalSection
	GlobalSection(ProjectConfigurationPlatforms) = postSolution
		{EE6A1483-AE07-41E6-B83E-16FCF0548F04}.Debug|Any CPU.ActiveCfg = Debug|Any CPU
		{EE6A1483-AE07-41E6-B83E-16FCF0548F04}.Debug|Any CPU.Build.0 = Debug|Any CPU
		{EE6A1483-AE07-41E6-B83E-16FCF0548F04}.Release|Any CPU.ActiveCfg = Release|Any CPU
		{EE6A1483-AE07-41E6-B83E-16FCF0548F04}.Release|Any CPU.Build.0 = Release|Any CPU
	EndGlobalSection
	GlobalSection(SolutionProperties) = preSolution
		HideSolutionNode = FALSE
	EndGlobalSection
	GlobalSection(ExtensibilityGlobals) = postSolution
		SolutionGuid = {17C38C0A-FCA4-44D9-B0D5-3514504B0D6B}
	EndGlobalSection
EndGlobal
