
Microsoft Visual Studio Solution File, Format Version 12.00
# Visual Studio Version 16
VisualStudioVersion = 16.0.29025.244
MinimumVisualStudioVersion = 10.0.40219.1
Project("{9A19103F-16F7-4668-BE54-9A1E7A4F7556}") = "BorderControl", "BorderControl\BorderControl.csproj", "{911B1497-BB69-4137-B30B-E35A8C818E12}"
EndProject
Project("{9A19103F-16F7-4668-BE54-9A1E7A4F7556}") = "BirthdayCelebrations", "BirthdayCelebrations\BirthdayCelebrations.csproj", "{3565981A-58F3-4A0C-8B41-DC8C46523617}"
EndProject
Project("{FAE04EC0-301F-11D3-BF4B-00C04F79EFBC}") = "FoodShortage", "FoodShortage\FoodShortage.csproj", "{9CD8F608-1BC4-470C-B08D-6B2CBA5C7A9B}"
EndProject
Global
	GlobalSection(SolutionConfigurationPlatforms) = preSolution
		Debug|Any CPU = Debug|Any CPU
		Release|Any CPU = Release|Any CPU
	EndGlobalSection
	GlobalSection(ProjectConfigurationPlatforms) = postSolution
		{911B1497-BB69-4137-B30B-E35A8C818E12}.Debug|Any CPU.ActiveCfg = Debug|Any CPU
		{911B1497-BB69-4137-B30B-E35A8C818E12}.Debug|Any CPU.Build.0 = Debug|Any CPU
		{911B1497-BB69-4137-B30B-E35A8C818E12}.Release|Any CPU.ActiveCfg = Release|Any CPU
		{911B1497-BB69-4137-B30B-E35A8C818E12}.Release|Any CPU.Build.0 = Release|Any CPU
		{3565981A-58F3-4A0C-8B41-DC8C46523617}.Debug|Any CPU.ActiveCfg = Debug|Any CPU
		{3565981A-58F3-4A0C-8B41-DC8C46523617}.Debug|Any CPU.Build.0 = Debug|Any CPU
		{3565981A-58F3-4A0C-8B41-DC8C46523617}.Release|Any CPU.ActiveCfg = Release|Any CPU
		{3565981A-58F3-4A0C-8B41-DC8C46523617}.Release|Any CPU.Build.0 = Release|Any CPU
		{9CD8F608-1BC4-470C-B08D-6B2CBA5C7A9B}.Debug|Any CPU.ActiveCfg = Debug|Any CPU
		{9CD8F608-1BC4-470C-B08D-6B2CBA5C7A9B}.Debug|Any CPU.Build.0 = Debug|Any CPU
		{9CD8F608-1BC4-470C-B08D-6B2CBA5C7A9B}.Release|Any CPU.ActiveCfg = Release|Any CPU
		{9CD8F608-1BC4-470C-B08D-6B2CBA5C7A9B}.Release|Any CPU.Build.0 = Release|Any CPU
	EndGlobalSection
	GlobalSection(SolutionProperties) = preSolution
		HideSolutionNode = FALSE
	EndGlobalSection
	GlobalSection(ExtensibilityGlobals) = postSolution
		SolutionGuid = {F095AC5C-D863-41C3-AF99-B8DD97F34286}
	EndGlobalSection
EndGlobal
