
Microsoft Visual Studio Solution File, Format Version 12.00
# Visual Studio Version 16
VisualStudioVersion = 16.0.29020.237
MinimumVisualStudioVersion = 10.0.40219.1
Project("{FAE04EC0-301F-11D3-BF4B-00C04F79EFBC}") = "Animals", "Animals\Animals.csproj", "{8B0C1885-8B80-4AB2-947F-268A39936C4A}"
EndProject
Global
	GlobalSection(SolutionConfigurationPlatforms) = preSolution
		Debug|Any CPU = Debug|Any CPU
		Release|Any CPU = Release|Any CPU
	EndGlobalSection
	GlobalSection(ProjectConfigurationPlatforms) = postSolution
		{8B0C1885-8B80-4AB2-947F-268A39936C4A}.Debug|Any CPU.ActiveCfg = Debug|Any CPU
		{8B0C1885-8B80-4AB2-947F-268A39936C4A}.Debug|Any CPU.Build.0 = Debug|Any CPU
		{8B0C1885-8B80-4AB2-947F-268A39936C4A}.Release|Any CPU.ActiveCfg = Release|Any CPU
		{8B0C1885-8B80-4AB2-947F-268A39936C4A}.Release|Any CPU.Build.0 = Release|Any CPU
	EndGlobalSection
	GlobalSection(SolutionProperties) = preSolution
		HideSolutionNode = FALSE
	EndGlobalSection
	GlobalSection(ExtensibilityGlobals) = postSolution
		SolutionGuid = {75012BDE-1997-43B1-95C7-C50B59D5EB2E}
	EndGlobalSection
EndGlobal
