
Microsoft Visual Studio Solution File, Format Version 12.00
# Visual Studio Version 16
VisualStudioVersion = 16.0.29020.237
MinimumVisualStudioVersion = 10.0.40219.1
Project("{FAE04EC0-301F-11D3-BF4B-00C04F79EFBC}") = "CustomRandomList", "CustomRandomList\CustomRandomList.csproj", "{B68EAA9E-6BAC-4389-8135-42F0CD1DD255}"
EndProject
Global
	GlobalSection(SolutionConfigurationPlatforms) = preSolution
		Debug|Any CPU = Debug|Any CPU
		Release|Any CPU = Release|Any CPU
	EndGlobalSection
	GlobalSection(ProjectConfigurationPlatforms) = postSolution
		{B68EAA9E-6BAC-4389-8135-42F0CD1DD255}.Debug|Any CPU.ActiveCfg = Debug|Any CPU
		{B68EAA9E-6BAC-4389-8135-42F0CD1DD255}.Debug|Any CPU.Build.0 = Debug|Any CPU
		{B68EAA9E-6BAC-4389-8135-42F0CD1DD255}.Release|Any CPU.ActiveCfg = Release|Any CPU
		{B68EAA9E-6BAC-4389-8135-42F0CD1DD255}.Release|Any CPU.Build.0 = Release|Any CPU
	EndGlobalSection
	GlobalSection(SolutionProperties) = preSolution
		HideSolutionNode = FALSE
	EndGlobalSection
	GlobalSection(ExtensibilityGlobals) = postSolution
		SolutionGuid = {72460FAB-F58C-43EC-B86F-49C8C172C113}
	EndGlobalSection
EndGlobal
