
Microsoft Visual Studio Solution File, Format Version 12.00
# Visual Studio Version 16
VisualStudioVersion = 16.0.29009.5
MinimumVisualStudioVersion = 10.0.40219.1
Project("{FAE04EC0-301F-11D3-BF4B-00C04F79EFBC}") = "JediGalaxy", "JediGalaxy\JediGalaxy.csproj", "{58D52E27-773E-4355-B14B-B52A711975F8}"
EndProject
Global
	GlobalSection(SolutionConfigurationPlatforms) = preSolution
		Debug|Any CPU = Debug|Any CPU
		Release|Any CPU = Release|Any CPU
	EndGlobalSection
	GlobalSection(ProjectConfigurationPlatforms) = postSolution
		{58D52E27-773E-4355-B14B-B52A711975F8}.Debug|Any CPU.ActiveCfg = Debug|Any CPU
		{58D52E27-773E-4355-B14B-B52A711975F8}.Debug|Any CPU.Build.0 = Debug|Any CPU
		{58D52E27-773E-4355-B14B-B52A711975F8}.Release|Any CPU.ActiveCfg = Release|Any CPU
		{58D52E27-773E-4355-B14B-B52A711975F8}.Release|Any CPU.Build.0 = Release|Any CPU
	EndGlobalSection
	GlobalSection(SolutionProperties) = preSolution
		HideSolutionNode = FALSE
	EndGlobalSection
	GlobalSection(ExtensibilityGlobals) = postSolution
		SolutionGuid = {3FDF9F8A-9EDE-47FE-9B9E-0600CF048A27}
	EndGlobalSection
EndGlobal
