
Microsoft Visual Studio Solution File, Format Version 12.00
# Visual Studio Version 16
VisualStudioVersion = 16.0.29009.5
MinimumVisualStudioVersion = 10.0.40219.1
Project("{FAE04EC0-301F-11D3-BF4B-00C04F79EFBC}") = "Hospital", "Hospital\Hospital.csproj", "{756285C2-97CE-422B-9750-F70CB2D7E792}"
EndProject
Global
	GlobalSection(SolutionConfigurationPlatforms) = preSolution
		Debug|Any CPU = Debug|Any CPU
		Release|Any CPU = Release|Any CPU
	EndGlobalSection
	GlobalSection(ProjectConfigurationPlatforms) = postSolution
		{756285C2-97CE-422B-9750-F70CB2D7E792}.Debug|Any CPU.ActiveCfg = Debug|Any CPU
		{756285C2-97CE-422B-9750-F70CB2D7E792}.Debug|Any CPU.Build.0 = Debug|Any CPU
		{756285C2-97CE-422B-9750-F70CB2D7E792}.Release|Any CPU.ActiveCfg = Release|Any CPU
		{756285C2-97CE-422B-9750-F70CB2D7E792}.Release|Any CPU.Build.0 = Release|Any CPU
	EndGlobalSection
	GlobalSection(SolutionProperties) = preSolution
		HideSolutionNode = FALSE
	EndGlobalSection
	GlobalSection(ExtensibilityGlobals) = postSolution
		SolutionGuid = {FA1706A0-690C-4BB9-9F3E-11BF3DC713CD}
	EndGlobalSection
EndGlobal
