
Microsoft Visual Studio Solution File, Format Version 12.00
# Visual Studio Version 16
VisualStudioVersion = 16.0.29102.190
MinimumVisualStudioVersion = 10.0.40219.1
Project("{FAE04EC0-301F-11D3-BF4B-00C04F79EFBC}") = "Operations", "Operations\Operations.csproj", "{CF57BB1E-A134-4319-A909-4BE2A678B62D}"
EndProject
Global
	GlobalSection(SolutionConfigurationPlatforms) = preSolution
		Debug|Any CPU = Debug|Any CPU
		Release|Any CPU = Release|Any CPU
	EndGlobalSection
	GlobalSection(ProjectConfigurationPlatforms) = postSolution
		{CF57BB1E-A134-4319-A909-4BE2A678B62D}.Debug|Any CPU.ActiveCfg = Debug|Any CPU
		{CF57BB1E-A134-4319-A909-4BE2A678B62D}.Debug|Any CPU.Build.0 = Debug|Any CPU
		{CF57BB1E-A134-4319-A909-4BE2A678B62D}.Release|Any CPU.ActiveCfg = Release|Any CPU
		{CF57BB1E-A134-4319-A909-4BE2A678B62D}.Release|Any CPU.Build.0 = Release|Any CPU
	EndGlobalSection
	GlobalSection(SolutionProperties) = preSolution
		HideSolutionNode = FALSE
	EndGlobalSection
	GlobalSection(ExtensibilityGlobals) = postSolution
		SolutionGuid = {EACA2777-5D4F-4053-8FB5-D4CE047519DA}
	EndGlobalSection
EndGlobal
