
Microsoft Visual Studio Solution File, Format Version 12.00
# Visual Studio Version 16
VisualStudioVersion = 16.0.29025.244
MinimumVisualStudioVersion = 10.0.40219.1
Project("{FAE04EC0-301F-11D3-BF4B-00C04F79EFBC}") = "MultipleImplementation", "MultipleImplementation\MultipleImplementation.csproj", "{B40E6FAD-758E-43F1-9680-8DC0259CA73E}"
EndProject
Global
	GlobalSection(SolutionConfigurationPlatforms) = preSolution
		Debug|Any CPU = Debug|Any CPU
		Release|Any CPU = Release|Any CPU
	EndGlobalSection
	GlobalSection(ProjectConfigurationPlatforms) = postSolution
		{B40E6FAD-758E-43F1-9680-8DC0259CA73E}.Debug|Any CPU.ActiveCfg = Debug|Any CPU
		{B40E6FAD-758E-43F1-9680-8DC0259CA73E}.Debug|Any CPU.Build.0 = Debug|Any CPU
		{B40E6FAD-758E-43F1-9680-8DC0259CA73E}.Release|Any CPU.ActiveCfg = Release|Any CPU
		{B40E6FAD-758E-43F1-9680-8DC0259CA73E}.Release|Any CPU.Build.0 = Release|Any CPU
	EndGlobalSection
	GlobalSection(SolutionProperties) = preSolution
		HideSolutionNode = FALSE
	EndGlobalSection
	GlobalSection(ExtensibilityGlobals) = postSolution
		SolutionGuid = {D14D5785-E54F-4869-A1B1-8E04DBB15842}
	EndGlobalSection
EndGlobal
